hash: 95937c605ab3367b5e213636e99d74a7aafe1c97d930b31b771d0a018ce7b2b8
updated: 2017-04-19T16:13:08.978198191+02:00
imports:
- name: github.com/alecthomas/template
  version: a0175ee3bccc567396460bf5acd36800cb10c49c
  subpackages:
  - parse
- name: github.com/alecthomas/units
  version: 2efee857e7cfd4f3d0138cc3cbb1b4966962b93a
- name: github.com/Masterminds/semver
  version: 3f0ab6d4ab4bed1c61caf056b63a6e62190c7801
- name: github.com/Sirupsen/logrus
  version: ba1b36c82c5e05c4f912a88eab0dcd91a171688f
- name: golang.org/x/sys
  version: 8f0908ab3b2457e2e15403d3697c9ef5cb4b57a9
  subpackages:
  - unix
- name: gopkg.in/alecthomas/kingpin.v2
  version: 7f0871f2e17818990e4eed73f9b5c2f429501228
testImports: []
